
Microsoft Visual Studio Solution File, Format Version 12.00
# Visual Studio 2013
VisualStudioVersion = 12.0.31101.0
MinimumVisualStudioVersion = 10.0.40219.1
Project("{E24C65DC-7377-472B-9ABA-BC803B73C61A}") = "Modulo_HelpDesk", "..\Modulo_HelpDesk", "{CA3D3829-9069-478E-82DC-C9210C863234}"
	ProjectSection(WebsiteProperties) = preProject
		TargetFrameworkMoniker = ".NETFramework,Version%3Dv3.5"
		Debug.AspNetCompiler.VirtualPath = "/HelpDesk"
		Debug.AspNetCompiler.PhysicalPath = "..\Modulo_HelpDesk\"
		Debug.AspNetCompiler.TargetPath = "..\..\branches\HelpDesk\"
		Debug.AspNetCompiler.Updateable = "true"
		Debug.AspNetCompiler.ForceOverwrite = "true"
		Debug.AspNetCompiler.FixedNames = "false"
		Debug.AspNetCompiler.Debug = "True"
		Release.AspNetCompiler.VirtualPath = "/HelpDesk"
		Release.AspNetCompiler.PhysicalPath = "..\Modulo_HelpDesk\"
		Release.AspNetCompiler.TargetPath = "..\..\branches\HelpDesk\"
		Release.AspNetCompiler.Updateable = "true"
		Release.AspNetCompiler.ForceOverwrite = "true"
		Release.AspNetCompiler.FixedNames = "false"
		Release.AspNetCompiler.Debug = "False"
		VWDPort = "52662"
	EndProjectSection
EndProject
Global
	GlobalSection(SolutionConfigurationPlatforms) = preSolution
		Debug|Any CPU = Debug|Any CPU
	EndGlobalSection
	GlobalSection(ProjectConfigurationPlatforms) = postSolution
		{CA3D3829-9069-478E-82DC-C9210C863234}.Debug|Any CPU.ActiveCfg = Debug|Any CPU
		{CA3D3829-9069-478E-82DC-C9210C863234}.Debug|Any CPU.Build.0 = Debug|Any CPU
	EndGlobalSection
	GlobalSection(SolutionProperties) = preSolution
		HideSolutionNode = FALSE
	EndGlobalSection
EndGlobal
